// !$*UTF8*$!
{
	archiveVersion = 1;
	classes = {
	};
	objectVersion = 46;
	objects = {

/* Begin PBXBuildFile section */
		3BFD6309181E468FB21E06D3 /* libPods.a in Frameworks */ = {isa = PBXBuildFile; fileRef = E96525577C044390A20E8F1D /* libPods.a */; };
		9F6236641823C8050075DFD2 /* Foundation.framework in Frameworks */ = {isa = PBXBuildFile; fileRef = 9F6236631823C8050075DFD2 /* Foundation.framework */; };
		9F6236661823C8050075DFD2 /* CoreGraphics.framework in Frameworks */ = {isa = PBXBuildFile; fileRef = 9F6236651823C8050075DFD2 /* CoreGraphics.framework */; };
		9F6236681823C8050075DFD2 /* UIKit.framework in Frameworks */ = {isa = PBXBuildFile; fileRef = 9F6236671823C8050075DFD2 /* UIKit.framework */; };
		9F6236861823C8050075DFD2 /* XCTest.framework in Frameworks */ = {isa = PBXBuildFile; fileRef = 9F6236851823C8050075DFD2 /* XCTest.framework */; };
		9F6236871823C8050075DFD2 /* Foundation.framework in Frameworks */ = {isa = PBXBuildFile; fileRef = 9F6236631823C8050075DFD2 /* Foundation.framework */; };
		9F6236881823C8050075DFD2 /* UIKit.framework in Frameworks */ = {isa = PBXBuildFile; fileRef = 9F6236671823C8050075DFD2 /* UIKit.framework */; };
		9F6236901823C8050075DFD2 /* InfoPlist.strings in Resources */ = {isa = PBXBuildFile; fileRef = 9F62368E1823C8050075DFD2 /* InfoPlist.strings */; };
		9F6236921823C8050075DFD2 /* FMDBStoreGeneratorSampleTests.m in Sources */ = {isa = PBXBuildFile; fileRef = 9F6236911823C8050075DFD2 /* FMDBStoreGeneratorSampleTests.m */; };
		9F6236AC1823C8990075DFD2 /* KOAppDelegate.m in Sources */ = {isa = PBXBuildFile; fileRef = 9F62369D1823C8990075DFD2 /* KOAppDelegate.m */; };
		9F6236AF1823C8990075DFD2 /* InfoPlist.strings in Resources */ = {isa = PBXBuildFile; fileRef = 9F6236A31823C8990075DFD2 /* InfoPlist.strings */; };
		9F6236B01823C8990075DFD2 /* FMDBStoreGeneratorSample-Info.plist in Resources */ = {isa = PBXBuildFile; fileRef = 9F6236A51823C8990075DFD2 /* FMDBStoreGeneratorSample-Info.plist */; };
		9F6236B11823C8990075DFD2 /* Images.xcassets in Resources */ = {isa = PBXBuildFile; fileRef = 9F6236A71823C8990075DFD2 /* Images.xcassets */; };
		9F6236B21823C8990075DFD2 /* main.m in Sources */ = {isa = PBXBuildFile; fileRef = 9F6236A81823C8990075DFD2 /* main.m */; };
		9F6236C91823C94B0075DFD2 /* KOOrder.m in Sources */ = {isa = PBXBuildFile; fileRef = 9F6236BE1823C94B0075DFD2 /* KOOrder.m */; };
		9F6236CA1823C94B0075DFD2 /* KOOrderDetail.m in Sources */ = {isa = PBXBuildFile; fileRef = 9F6236C01823C94B0075DFD2 /* KOOrderDetail.m */; };
		9F96E12D1826B8D60027EFC1 /* Sample.sqlite in Resources */ = {isa = PBXBuildFile; fileRef = 9F6236B41823C8FA0075DFD2 /* Sample.sqlite */; };
		9F96E13418293D7B0027EFC1 /* Main.storyboard in Resources */ = {isa = PBXBuildFile; fileRef = 9F96E13318293D7B0027EFC1 /* Main.storyboard */; };
		9F96E13718293D9F0027EFC1 /* KOMainController.m in Sources */ = {isa = PBXBuildFile; fileRef = 9F96E13618293D9F0027EFC1 /* KOMainController.m */; };
		9FCC9CA7186DA6D2002C2FFC /* KODatabaseManager.m in Sources */ = {isa = PBXBuildFile; fileRef = 9FCC9C9B186DA6D2002C2FFC /* KODatabaseManager.m */; };
		9FCC9CA8186DA6D2002C2FFC /* KOStoreFmdbBase.m in Sources */ = {isa = PBXBuildFile; fileRef = 9FCC9C9D186DA6D2002C2FFC /* KOStoreFmdbBase.m */; };
		9FCC9CA9186DA6D2002C2FFC /* KOTransactionService.m in Sources */ = {isa = PBXBuildFile; fileRef = 9FCC9C9F186DA6D2002C2FFC /* KOTransactionService.m */; };
		9FCC9CAA186DA6D2002C2FFC /* KOOrderService.m in Sources */ = {isa = PBXBuildFile; fileRef = 9FCC9CA1186DA6D2002C2FFC /* KOOrderService.m */; };
		9FCC9CAB186DA6D2002C2FFC /* KOOrderDetailStore.m in Sources */ = {isa = PBXBuildFile; fileRef = 9FCC9CA4186DA6D2002C2FFC /* KOOrderDetailStore.m */; };
		9FCC9CAC186DA6D2002C2FFC /* KOOrderStore.m in Sources */ = {isa = PBXBuildFile; fileRef = 9FCC9CA6186DA6D2002C2FFC /* KOOrderStore.m */; };
/* End PBXBuildFile section */

/* Begin PBXContainerItemProxy section */
		9F6236891823C8050075DFD2 /* PBXContainerItemProxy */ = {
			isa = PBXContainerItemProxy;
			containerPortal = 9F6236581823C8050075DFD2 /* Project object */;
			proxyType = 1;
			remoteGlobalIDString = 9F62365F1823C8050075DFD2;
			remoteInfo = FMDBStoreGeneratorSample;
		};
/* End PBXContainerItemProxy section */

/* Begin PBXFileReference section */
		4586197156954D88997C95E5 /* Pods.xcconfig */ = {isa = PBXFileReference; includeInIndex = 1; lastKnownFileType = text.xcconfig; name = Pods.xcconfig; path = Pods/Pods.xcconfig; sourceTree = "<group>"; };
		9F6236601823C8050075DFD2 /* FMDBStoreGeneratorSample.app */ = {isa = PBXFileReference; explicitFileType = wrapper.application; includeInIndex = 0; path = FMDBStoreGeneratorSample.app; sourceTree = BUILT_PRODUCTS_DIR; };
		9F6236631823C8050075DFD2 /* Foundation.framework */ = {isa = PBXFileReference; lastKnownFileType = wrapper.framework; name = Foundation.framework; path = System/Library/Frameworks/Foundation.framework; sourceTree = SDKROOT; };
		9F6236651823C8050075DFD2 /* CoreGraphics.framework */ = {isa = PBXFileReference; lastKnownFileType = wrapper.framework; name = CoreGraphics.framework; path = System/Library/Frameworks/CoreGraphics.framework; sourceTree = SDKROOT; };
		9F6236671823C8050075DFD2 /* UIKit.framework */ = {isa = PBXFileReference; lastKnownFileType = wrapper.framework; name = UIKit.framework; path = System/Library/Frameworks/UIKit.framework; sourceTree = SDKROOT; };
		9F6236841823C8050075DFD2 /* FMDBStoreGeneratorSampleTests.xctest */ = {isa = PBXFileReference; explicitFileType = wrapper.cfbundle; includeInIndex = 0; path = FMDBStoreGeneratorSampleTests.xctest; sourceTree = BUILT_PRODUCTS_DIR; };
		9F6236851823C8050075DFD2 /* XCTest.framework */ = {isa = PBXFileReference; lastKnownFileType = wrapper.framework; name = XCTest.framework; path = Library/Frameworks/XCTest.framework; sourceTree = DEVELOPER_DIR; };
		9F62368D1823C8050075DFD2 /* FMDBStoreGeneratorSampleTests-Info.plist */ = {isa = PBXFileReference; lastKnownFileType = text.plist.xml; path = "FMDBStoreGeneratorSampleTests-Info.plist"; sourceTree = "<group>"; };
		9F62368F1823C8050075DFD2 /* en */ = {isa = PBXFileReference; lastKnownFileType = text.plist.strings; name = en; path = en.lproj/InfoPlist.strings; sourceTree = "<group>"; };
		9F6236911823C8050075DFD2 /* FMDBStoreGeneratorSampleTests.m */ = {isa = PBXFileReference; lastKnownFileType = sourcecode.c.objc; path = FMDBStoreGeneratorSampleTests.m; sourceTree = "<group>"; };
		9F62369C1823C8990075DFD2 /* KOAppDelegate.h */ = {isa = PBXFileReference; fileEncoding = 4; lastKnownFileType = sourcecode.c.h; path = KOAppDelegate.h; sourceTree = "<group>"; };
		9F62369D1823C8990075DFD2 /* KOAppDelegate.m */ = {isa = PBXFileReference; fileEncoding = 4; lastKnownFileType = sourcecode.c.objc; path = KOAppDelegate.m; sourceTree = "<group>"; };
		9F6236A41823C8990075DFD2 /* en */ = {isa = PBXFileReference; lastKnownFileType = text.plist.strings; name = en; path = en.lproj/InfoPlist.strings; sourceTree = "<group>"; };
		9F6236A51823C8990075DFD2 /* FMDBStoreGeneratorSample-Info.plist */ = {isa = PBXFileReference; fileEncoding = 4; lastKnownFileType = text.plist.xml; path = "FMDBStoreGeneratorSample-Info.plist"; sourceTree = "<group>"; };
		9F6236A61823C8990075DFD2 /* FMDBStoreGeneratorSample-Prefix.pch */ = {isa = PBXFileReference; fileEncoding = 4; lastKnownFileType = sourcecode.c.h; path = "FMDBStoreGeneratorSample-Prefix.pch"; sourceTree = "<group>"; };
		9F6236A71823C8990075DFD2 /* Images.xcassets */ = {isa = PBXFileReference; lastKnownFileType = folder.assetcatalog; path = Images.xcassets; sourceTree = "<group>"; };
		9F6236A81823C8990075DFD2 /* main.m */ = {isa = PBXFileReference; fileEncoding = 4; lastKnownFileType = sourcecode.c.objc; path = main.m; sourceTree = "<group>"; };
		9F6236B41823C8FA0075DFD2 /* Sample.sqlite */ = {isa = PBXFileReference; lastKnownFileType = file; path = Sample.sqlite; sourceTree = "<group>"; };
		9F6236BD1823C94B0075DFD2 /* KOOrder.h */ = {isa = PBXFileReference; fileEncoding = 4; lastKnownFileType = sourcecode.c.h; path = KOOrder.h; sourceTree = "<group>"; };
		9F6236BE1823C94B0075DFD2 /* KOOrder.m */ = {isa = PBXFileReference; fileEncoding = 4; lastKnownFileType = sourcecode.c.objc; path = KOOrder.m; sourceTree = "<group>"; };
		9F6236BF1823C94B0075DFD2 /* KOOrderDetail.h */ = {isa = PBXFileReference; fileEncoding = 4; lastKnownFileType = sourcecode.c.h; path = KOOrderDetail.h; sourceTree = "<group>"; };
		9F6236C01823C94B0075DFD2 /* KOOrderDetail.m */ = {isa = PBXFileReference; fileEncoding = 4; lastKnownFileType = sourcecode.c.objc; path = KOOrderDetail.m; sourceTree = "<group>"; };
		9F96E13318293D7B0027EFC1 /* Main.storyboard */ = {isa = PBXFileReference; fileEncoding = 4; lastKnownFileType = file.storyboard; name = Main.storyboard; path = FMDBStoreGeneratorSample/Controls/Main.storyboard; sourceTree = SOURCE_ROOT; };
		9F96E13518293D9F0027EFC1 /* KOMainController.h */ = {isa = PBXFileReference; fileEncoding = 4; lastKnownFileType = sourcecode.c.h; path = KOMainController.h; sourceTree = "<group>"; };
		9F96E13618293D9F0027EFC1 /* KOMainController.m */ = {isa = PBXFileReference; fileEncoding = 4; lastKnownFileType = sourcecode.c.objc; path = KOMainController.m; sourceTree = "<group>"; };
		9FCC9C9A186DA6D2002C2FFC /* KODatabaseManager.h */ = {isa = PBXFileReference; fileEncoding = 4; lastKnownFileType = sourcecode.c.h; path = KODatabaseManager.h; sourceTree = "<group>"; };
		9FCC9C9B186DA6D2002C2FFC /* KODatabaseManager.m */ = {isa = PBXFileReference; fileEncoding = 4; lastKnownFileType = sourcecode.c.objc; path = KODatabaseManager.m; sourceTree = "<group>"; };
		9FCC9C9C186DA6D2002C2FFC /* KOStoreFmdbBase.h */ = {isa = PBXFileReference; fileEncoding = 4; lastKnownFileType = sourcecode.c.h; path = KOStoreFmdbBase.h; sourceTree = "<group>"; };
		9FCC9C9D186DA6D2002C2FFC /* KOStoreFmdbBase.m */ = {isa = PBXFileReference; fileEncoding = 4; lastKnownFileType = sourcecode.c.objc; path = KOStoreFmdbBase.m; sourceTree = "<group>"; };
		9FCC9C9E186DA6D2002C2FFC /* KOTransactionService.h */ = {isa = PBXFileReference; fileEncoding = 4; lastKnownFileType = sourcecode.c.h; path = KOTransactionService.h; sourceTree = "<group>"; };
		9FCC9C9F186DA6D2002C2FFC /* KOTransactionService.m */ = {isa = PBXFileReference; fileEncoding = 4; lastKnownFileType = sourcecode.c.objc; path = KOTransactionService.m; sourceTree = "<group>"; };
		9FCC9CA0186DA6D2002C2FFC /* KOOrderService.h */ = {isa = PBXFileReference; fileEncoding = 4; lastKnownFileType = sourcecode.c.h; path = KOOrderService.h; sourceTree = "<group>"; };
		9FCC9CA1186DA6D2002C2FFC /* KOOrderService.m */ = {isa = PBXFileReference; fileEncoding = 4; lastKnownFileType = sourcecode.c.objc; path = KOOrderService.m; sourceTree = "<group>"; };
		9FCC9CA3186DA6D2002C2FFC /* KOOrderDetailStore.h */ = {isa = PBXFileReference; fileEncoding = 4; lastKnownFileType = sourcecode.c.h; path = KOOrderDetailStore.h; sourceTree = "<group>"; };
		9FCC9CA4186DA6D2002C2FFC /* KOOrderDetailStore.m */ = {isa = PBXFileReference; fileEncoding = 4; lastKnownFileType = sourcecode.c.objc; path = KOOrderDetailStore.m; sourceTree = "<group>"; };
		9FCC9CA5186DA6D2002C2FFC /* KOOrderStore.h */ = {isa = PBXFileReference; fileEncoding = 4; lastKnownFileType = sourcecode.c.h; path = KOOrderStore.h; sourceTree = "<group>"; };
		9FCC9CA6186DA6D2002C2FFC /* KOOrderStore.m */ = {isa = PBXFileReference; fileEncoding = 4; lastKnownFileType = sourcecode.c.objc; path = KOOrderStore.m; sourceTree = "<group>"; };
		E96525577C044390A20E8F1D /* libPods.a */ = {isa = PBXFileReference; explicitFileType = archive.ar; includeInIndex = 0; path = libPods.a; sourceTree = BUILT_PRODUCTS_DIR; };
/* End PBXFileReference section */

/* Begin PBXFrameworksBuildPhase section */
		9F62365D1823C8050075DFD2 /* Frameworks */ = {
			isa = PBXFrameworksBuildPhase;
			buildActionMask = 2147483647;
			files = (
				9F6236661823C8050075DFD2 /* CoreGraphics.framework in Frameworks */,
				9F6236681823C8050075DFD2 /* UIKit.framework in Frameworks */,
				9F6236641823C8050075DFD2 /* Foundation.framework in Frameworks */,
				3BFD6309181E468FB21E06D3 /* libPods.a in Frameworks */,
			);
			runOnlyForDeploymentPostprocessing = 0;
		};
		9F6236811823C8050075DFD2 /* Frameworks */ = {
			isa = PBXFrameworksBuildPhase;
			buildActionMask = 2147483647;
			files = (
				9F6236861823C8050075DFD2 /* XCTest.framework in Frameworks */,
				9F6236881823C8050075DFD2 /* UIKit.framework in Frameworks */,
				9F6236871823C8050075DFD2 /* Foundation.framework in Frameworks */,
			);
			runOnlyForDeploymentPostprocessing = 0;
		};
/* End PBXFrameworksBuildPhase section */

/* Begin PBXGroup section */
		9F6236571823C8050075DFD2 = {
			isa = PBXGroup;
			children = (
				9F6236691823C8050075DFD2 /* FMDBStoreGeneratorSample */,
				9F62368B1823C8050075DFD2 /* FMDBStoreGeneratorSampleTests */,
				9F6236621823C8050075DFD2 /* Frameworks */,
				9F6236611823C8050075DFD2 /* Products */,
				4586197156954D88997C95E5 /* Pods.xcconfig */,
			);
			sourceTree = "<group>";
		};
		9F6236611823C8050075DFD2 /* Products */ = {
			isa = PBXGroup;
			children = (
				9F6236601823C8050075DFD2 /* FMDBStoreGeneratorSample.app */,
				9F6236841823C8050075DFD2 /* FMDBStoreGeneratorSampleTests.xctest */,
			);
			name = Products;
			sourceTree = "<group>";
		};
		9F6236621823C8050075DFD2 /* Frameworks */ = {
			isa = PBXGroup;
			children = (
				9F6236631823C8050075DFD2 /* Foundation.framework */,
				9F6236651823C8050075DFD2 /* CoreGraphics.framework */,
				9F6236671823C8050075DFD2 /* UIKit.framework */,
				9F6236851823C8050075DFD2 /* XCTest.framework */,
				E96525577C044390A20E8F1D /* libPods.a */,
			);
			name = Frameworks;
			sourceTree = "<group>";
		};
		9F6236691823C8050075DFD2 /* FMDBStoreGeneratorSample */ = {
			isa = PBXGroup;
			children = (
				9FCC9C98186DA6D2002C2FFC /* Service */,
				9F6236BC1823C94B0075DFD2 /* Models */,
				9F62369B1823C8990075DFD2 /* Controls */,
				9F6236A91823C8990075DFD2 /* Views */,
				9F6236A21823C8990075DFD2 /* Supporting Files */,
			);
			path = FMDBStoreGeneratorSample;
			sourceTree = "<group>";
		};
		9F62368B1823C8050075DFD2 /* FMDBStoreGeneratorSampleTests */ = {
			isa = PBXGroup;
			children = (
				9F6236911823C8050075DFD2 /* FMDBStoreGeneratorSampleTests.m */,
				9F62368C1823C8050075DFD2 /* Supporting Files */,
			);
			path = FMDBStoreGeneratorSampleTests;
			sourceTree = "<group>";
		};
		9F62368C1823C8050075DFD2 /* Supporting Files */ = {
			isa = PBXGroup;
			children = (
				9F62368D1823C8050075DFD2 /* FMDBStoreGeneratorSampleTests-Info.plist */,
				9F62368E1823C8050075DFD2 /* InfoPlist.strings */,
			);
			name = "Supporting Files";
			sourceTree = "<group>";
		};
		9F62369B1823C8990075DFD2 /* Controls */ = {
			isa = PBXGroup;
			children = (
				9F62369C1823C8990075DFD2 /* KOAppDelegate.h */,
				9F62369D1823C8990075DFD2 /* KOAppDelegate.m */,
				9F96E13518293D9F0027EFC1 /* KOMainController.h */,
				9F96E13618293D9F0027EFC1 /* KOMainController.m */,
			);
			path = Controls;
			sourceTree = "<group>";
		};
		9F6236A21823C8990075DFD2 /* Supporting Files */ = {
			isa = PBXGroup;
			children = (
				9F6236B41823C8FA0075DFD2 /* Sample.sqlite */,
				9F6236A31823C8990075DFD2 /* InfoPlist.strings */,
				9F6236A51823C8990075DFD2 /* FMDBStoreGeneratorSample-Info.plist */,
				9F6236A61823C8990075DFD2 /* FMDBStoreGeneratorSample-Prefix.pch */,
				9F6236A71823C8990075DFD2 /* Images.xcassets */,
				9F6236A81823C8990075DFD2 /* main.m */,
			);
			path = "Supporting Files";
			sourceTree = "<group>";
		};
		9F6236A91823C8990075DFD2 /* Views */ = {
			isa = PBXGroup;
			children = (
				9F96E13318293D7B0027EFC1 /* Main.storyboard */,
			);
			path = Views;
			sourceTree = "<group>";
		};
		9F6236BC1823C94B0075DFD2 /* Models */ = {
			isa = PBXGroup;
			children = (
				9F6236BD1823C94B0075DFD2 /* KOOrder.h */,
				9F6236BE1823C94B0075DFD2 /* KOOrder.m */,
				9F6236BF1823C94B0075DFD2 /* KOOrderDetail.h */,
				9F6236C01823C94B0075DFD2 /* KOOrderDetail.m */,
			);
			path = Models;
			sourceTree = "<group>";
		};
		9FCC9C98186DA6D2002C2FFC /* Service */ = {
			isa = PBXGroup;
			children = (
				9FCC9CA0186DA6D2002C2FFC /* KOOrderService.h */,
				9FCC9CA1186DA6D2002C2FFC /* KOOrderService.m */,
				9FCC9C99186DA6D2002C2FFC /* Core */,
				9FCC9CA2186DA6D2002C2FFC /* Stores */,
			);
			path = Service;
			sourceTree = "<group>";
		};
		9FCC9C99186DA6D2002C2FFC /* Core */ = {
			isa = PBXGroup;
			children = (
				9FCC9C9A186DA6D2002C2FFC /* KODatabaseManager.h */,
				9FCC9C9B186DA6D2002C2FFC /* KODatabaseManager.m */,
				9FCC9C9C186DA6D2002C2FFC /* KOStoreFmdbBase.h */,
				9FCC9C9D186DA6D2002C2FFC /* KOStoreFmdbBase.m */,
				9FCC9C9E186DA6D2002C2FFC /* KOTransactionService.h */,
				9FCC9C9F186DA6D2002C2FFC /* KOTransactionService.m */,
			);
			path = Core;
			sourceTree = "<group>";
		};
		9FCC9CA2186DA6D2002C2FFC /* Stores */ = {
			isa = PBXGroup;
			children = (
				9FCC9CA3186DA6D2002C2FFC /* KOOrderDetailStore.h */,
				9FCC9CA4186DA6D2002C2FFC /* KOOrderDetailStore.m */,
				9FCC9CA5186DA6D2002C2FFC /* KOOrderStore.h */,
				9FCC9CA6186DA6D2002C2FFC /* KOOrderStore.m */,
			);
			path = Stores;
			sourceTree = "<group>";
		};
/* End PBXGroup section */

/* Begin PBXNativeTarget section */
		9F62365F1823C8050075DFD2 /* FMDBStoreGeneratorSample */ = {
			isa = PBXNativeTarget;
			buildConfigurationList = 9F6236951823C8050075DFD2 /* Build configuration list for PBXNativeTarget "FMDBStoreGeneratorSample" */;
			buildPhases = (
				36757B8F4CF649A297E77364 /* Check Pods Manifest.lock */,
				9F62365C1823C8050075DFD2 /* Sources */,
				9F62365D1823C8050075DFD2 /* Frameworks */,
				9F62365E1823C8050075DFD2 /* Resources */,
				0AE1938B1AE44364A5439DB1 /* Copy Pods Resources */,
			);
			buildRules = (
			);
			dependencies = (
			);
			name = FMDBStoreGeneratorSample;
			productName = FMDBStoreGeneratorSample;
			productReference = 9F6236601823C8050075DFD2 /* FMDBStoreGeneratorSample.app */;
			productType = "com.apple.product-type.application";
		};
		9F6236831823C8050075DFD2 /* FMDBStoreGeneratorSampleTests */ = {
			isa = PBXNativeTarget;
			buildConfigurationList = 9F6236981823C8050075DFD2 /* Build configuration list for PBXNativeTarget "FMDBStoreGeneratorSampleTests" */;
			buildPhases = (
				9F6236801823C8050075DFD2 /* Sources */,
				9F6236811823C8050075DFD2 /* Frameworks */,
				9F6236821823C8050075DFD2 /* Resources */,
			);
			buildRules = (
			);
			dependencies = (
				9F62368A1823C8050075DFD2 /* PBXTargetDependency */,
			);
			name = FMDBStoreGeneratorSampleTests;
			productName = FMDBStoreGeneratorSampleTests;
			productReference = 9F6236841823C8050075DFD2 /* FMDBStoreGeneratorSampleTests.xctest */;
			productType = "com.apple.product-type.bundle.unit-test";
		};
/* End PBXNativeTarget section */

/* Begin PBXProject section */
		9F6236581823C8050075DFD2 /* Project object */ = {
			isa = PBXProject;
			attributes = {
				CLASSPREFIX = KO;
				LastUpgradeCheck = 0500;
				ORGANIZATIONNAME = "Kouji Ishii";
				TargetAttributes = {
					9F6236831823C8050075DFD2 = {
						TestTargetID = 9F62365F1823C8050075DFD2;
					};
				};
			};
			buildConfigurationList = 9F62365B1823C8050075DFD2 /* Build configuration list for PBXProject "FMDBStoreGeneratorSample" */;
			compatibilityVersion = "Xcode 3.2";
			developmentRegion = English;
			hasScannedForEncodings = 0;
			knownRegions = (
				en,
				Base,
			);
			mainGroup = 9F6236571823C8050075DFD2;
			productRefGroup = 9F6236611823C8050075DFD2 /* Products */;
			projectDirPath = "";
			projectRoot = "";
			targets = (
				9F62365F1823C8050075DFD2 /* FMDBStoreGeneratorSample */,
				9F6236831823C8050075DFD2 /* FMDBStoreGeneratorSampleTests */,
			);
		};
/* End PBXProject section */

/* Begin PBXResourcesBuildPhase section */
		9F62365E1823C8050075DFD2 /* Resources */ = {
			isa = PBXResourcesBuildPhase;
			buildActionMask = 2147483647;
			files = (
				9F96E12D1826B8D60027EFC1 /* Sample.sqlite in Resources */,
				9F96E13418293D7B0027EFC1 /* Main.storyboard in Resources */,
				9F6236B11823C8990075DFD2 /* Images.xcassets in Resources */,
				9F6236AF1823C8990075DFD2 /* InfoPlist.strings in Resources */,
				9F6236B01823C8990075DFD2 /* FMDBStoreGeneratorSample-Info.plist in Resources */,
			);
			runOnlyForDeploymentPostprocessing = 0;
		};
		9F6236821823C8050075DFD2 /* Resources */ = {
			isa = PBXResourcesBuildPhase;
			buildActionMask = 2147483647;
			files = (
				9F6236901823C8050075DFD2 /* InfoPlist.strings in Resources */,
			);
			runOnlyForDeploymentPostprocessing = 0;
		};
/* End PBXResourcesBuildPhase section */

/* Begin PBXShellScriptBuildPhase section */
		0AE1938B1AE44364A5439DB1 /* Copy Pods Resources */ = {
			isa = PBXShellScriptBuildPhase;
			buildActionMask = 2147483647;
			files = (
			);
			inputPaths = (
			);
			name = "Copy Pods Resources";
			outputPaths = (
			);
			runOnlyForDeploymentPostprocessing = 0;
			shellPath = /bin/sh;
			shellScript = "\"${SRCROOT}/Pods/Pods-resources.sh\"\n";
			showEnvVarsInLog = 0;
		};
		36757B8F4CF649A297E77364 /* Check Pods Manifest.lock */ = {
			isa = PBXShellScriptBuildPhase;
			buildActionMask = 2147483647;
			files = (
			);
			inputPaths = (
			);
			name = "Check Pods Manifest.lock";
			outputPaths = (
			);
			runOnlyForDeploymentPostprocessing = 0;
			shellPath = /bin/sh;
			shellScript = "diff \"${PODS_ROOT}/../Podfile.lock\" \"${PODS_ROOT}/Manifest.lock\" > /dev/null\nif [[ $? != 0 ]] ; then\n    cat << EOM\nerror: The sandbox is not in sync with the Podfile.lock. Run 'pod install' or update your CocoaPods installation.\nEOM\n    exit 1\nfi\n";
			showEnvVarsInLog = 0;
		};
/* End PBXShellScriptBuildPhase section */

/* Begin PBXSourcesBuildPhase section */
		9F62365C1823C8050075DFD2 /* Sources */ = {
			isa = PBXSourcesBuildPhase;
			buildActionMask = 2147483647;
			files = (
				9F6236AC1823C8990075DFD2 /* KOAppDelegate.m in Sources */,
				9F6236C91823C94B0075DFD2 /* KOOrder.m in Sources */,
				9FCC9CAC186DA6D2002C2FFC /* KOOrderStore.m in Sources */,
				9F6236B21823C8990075DFD2 /* main.m in Sources */,
				9FCC9CAB186DA6D2002C2FFC /* KOOrderDetailStore.m in Sources */,
				9F96E13718293D9F0027EFC1 /* KOMainController.m in Sources */,
				9F6236CA1823C94B0075DFD2 /* KOOrderDetail.m in Sources */,
				9FCC9CA7186DA6D2002C2FFC /* KODatabaseManager.m in Sources */,
				9FCC9CA9186DA6D2002C2FFC /* KOTransactionService.m in Sources */,
				9FCC9CAA186DA6D2002C2FFC /* KOOrderService.m in Sources */,
				9FCC9CA8186DA6D2002C2FFC /* KOStoreFmdbBase.m in Sources */,
			);
			runOnlyForDeploymentPostprocessing = 0;
		};
		9F6236801823C8050075DFD2 /* Sources */ = {
			isa = PBXSourcesBuildPhase;
			buildActionMask = 2147483647;
			files = (
				9F6236921823C8050075DFD2 /* FMDBStoreGeneratorSampleTests.m in Sources */,
			);
			runOnlyForDeploymentPostprocessing = 0;
		};
/* End PBXSourcesBuildPhase section */

/* Begin PBXTargetDependency section */
		9F62368A1823C8050075DFD2 /* PBXTargetDependency */ = {
			isa = PBXTargetDependency;
			target = 9F62365F1823C8050075DFD2 /* FMDBStoreGeneratorSample */;
			targetProxy = 9F6236891823C8050075DFD2 /* PBXContainerItemProxy */;
		};
/* End PBXTargetDependency section */

/* Begin PBXVariantGroup section */
		9F62368E1823C8050075DFD2 /* InfoPlist.strings */ = {
			isa = PBXVariantGroup;
			children = (
				9F62368F1823C8050075DFD2 /* en */,
			);
			name = InfoPlist.strings;
			sourceTree = "<group>";
		};
		9F6236A31823C8990075DFD2 /* InfoPlist.strings */ = {
			isa = PBXVariantGroup;
			children = (
				9F6236A41823C8990075DFD2 /* en */,
			);
			name = InfoPlist.strings;
			sourceTree = "<group>";
		};
/* End PBXVariantGroup section */

/* Begin XCBuildConfiguration section */
		9F6236931823C8050075DFD2 /* Debug */ = {
			isa = XCBuildConfiguration;
			buildSettings = {
				ALWAYS_SEARCH_USER_PATHS = NO;
				ARCHS = "$(ARCHS_STANDARD_INCLUDING_64_BIT)";
				CLANG_CXX_LANGUAGE_STANDARD = "gnu++0x";
				CLANG_CXX_LIBRARY = "libc++";
				CLANG_ENABLE_MODULES = YES;
				CLANG_ENABLE_OBJC_ARC = YES;
				CLANG_WARN_BOOL_CONVERSION = YES;
				CLANG_WARN_CONSTANT_CONVERSION = YES;
				CLANG_WARN_DIRECT_OBJC_ISA_USAGE = YES_ERROR;
				CLANG_WARN_EMPTY_BODY = YES;
				CLANG_WARN_ENUM_CONVERSION = YES;
				CLANG_WARN_INT_CONVERSION = YES;
				CLANG_WARN_OBJC_ROOT_CLASS = YES_ERROR;
				CLANG_WARN__DUPLICATE_METHOD_MATCH = YES;
				"CODE_SIGN_IDENTITY[sdk=iphoneos*]" = "iPhone Developer";
				COPY_PHASE_STRIP = NO;
				GCC_C_LANGUAGE_STANDARD = gnu99;
				GCC_DYNAMIC_NO_PIC = NO;
				GCC_OPTIMIZATION_LEVEL = 0;
				GCC_PREPROCESSOR_DEFINITIONS = (
					"DEBUG=1",
					"$(inherited)",
				);
				GCC_SYMBOLS_PRIVATE_EXTERN = NO;
				GCC_WARN_64_TO_32_BIT_CONVERSION = YES;
				GCC_WARN_ABOUT_RETURN_TYPE = YES_ERROR;
				GCC_WARN_UNDECLARED_SELECTOR = YES;
				GCC_WARN_UNINITIALIZED_AUTOS = YES;
				GCC_WARN_UNUSED_FUNCTION = YES;
				GCC_WARN_UNUSED_VARIABLE = YES;
				IPHONEOS_DEPLOYMENT_TARGET = 7.0;
				ONLY_ACTIVE_ARCH = YES;
				SDKROOT = iphoneos;
			};
			name = Debug;
		};
		9F6236941823C8050075DFD2 /* Release */ = {
			isa = XCBuildConfiguration;
			buildSettings = {
				ALWAYS_SEARCH_USER_PATHS = NO;
				ARCHS = "$(ARCHS_STANDARD_INCLUDING_64_BIT)";
				CLANG_CXX_LANGUAGE_STANDARD = "gnu++0x";
				CLANG_CXX_LIBRARY = "libc++";
				CLANG_ENABLE_MODULES = YES;
				CLANG_ENABLE_OBJC_ARC = YES;
				CLANG_WARN_BOOL_CONVERSION = YES;
				CLANG_WARN_CONSTANT_CONVERSION = YES;
				CLANG_WARN_DIRECT_OBJC_ISA_USAGE = YES_ERROR;
				CLANG_WARN_EMPTY_BODY = YES;
				CLANG_WARN_ENUM_CONVERSION = YES;
				CLANG_WARN_INT_CONVERSION = YES;
				CLANG_WARN_OBJC_ROOT_CLASS = YES_ERROR;
				CLANG_WARN__DUPLICATE_METHOD_MATCH = YES;
				"CODE_SIGN_IDENTITY[sdk=iphoneos*]" = "iPhone Developer";
				COPY_PHASE_STRIP = YES;
				ENABLE_NS_ASSERTIONS = NO;
				GCC_C_LANGUAGE_STANDARD = gnu99;
				GCC_WARN_64_TO_32_BIT_CONVERSION = YES;
				GCC_WARN_ABOUT_RETURN_TYPE = YES_ERROR;
				GCC_WARN_UNDECLARED_SELECTOR = YES;
				GCC_WARN_UNINITIALIZED_AUTOS = YES;
				GCC_WARN_UNUSED_FUNCTION = YES;
				GCC_WARN_UNUSED_VARIABLE = YES;
				IPHONEOS_DEPLOYMENT_TARGET = 7.0;
				SDKROOT = iphoneos;
				VALIDATE_PRODUCT = YES;
			};
			name = Release;
		};
		9F6236961823C8050075DFD2 /* Debug */ = {
			isa = XCBuildConfiguration;
			baseConfigurationReference = 4586197156954D88997C95E5 /* Pods.xcconfig */;
			buildSettings = {
				ASSETCATALOG_COMPILER_APPICON_NAME = AppIcon;
				ASSETCATALOG_COMPILER_LAUNCHIMAGE_NAME = LaunchImage;
				GCC_PRECOMPILE_PREFIX_HEADER = YES;
				GCC_PREFIX_HEADER = "FMDBStoreGeneratorSample/Supporting Files/FMDBStoreGeneratorSample-Prefix.pch";
				INFOPLIST_FILE = "FMDBStoreGeneratorSample/Supporting Files/FMDBStoreGeneratorSample-Info.plist";
				PRODUCT_NAME = "$(TARGET_NAME)";
				WRAPPER_EXTENSION = app;
			};
			name = Debug;
		};
		9F6236971823C8050075DFD2 /* Release */ = {
			isa = XCBuildConfiguration;
			baseConfigurationReference = 4586197156954D88997C95E5 /* Pods.xcconfig */;
			buildSettings = {
				ASSETCATALOG_COMPILER_APPICON_NAME = AppIcon;
				ASSETCATALOG_COMPILER_LAUNCHIMAGE_NAME = LaunchImage;
				GCC_PRECOMPILE_PREFIX_HEADER = YES;
				GCC_PREFIX_HEADER = "FMDBStoreGeneratorSample/Supporting Files/FMDBStoreGeneratorSample-Prefix.pch";
				INFOPLIST_FILE = "FMDBStoreGeneratorSample/Supporting Files/FMDBStoreGeneratorSample-Info.plist";
				PRODUCT_NAME = "$(TARGET_NAME)";
				WRAPPER_EXTENSION = app;
			};
			name = Release;
		};
		9F6236991823C8050075DFD2 /* Debug */ = {
			isa = XCBuildConfiguration;
			buildSettings = {
				ARCHS = "$(ARCHS_STANDARD_INCLUDING_64_BIT)";
				BUNDLE_LOADER = "$(BUILT_PRODUCTS_DIR)/FMDBStoreGeneratorSample.app/FMDBStoreGeneratorSample";
				FRAMEWORK_SEARCH_PATHS = (
					"$(SDKROOT)/Developer/Library/Frameworks",
					"$(inherited)",
					"$(DEVELOPER_FRAMEWORKS_DIR)",
				);
				GCC_PRECOMPILE_PREFIX_HEADER = YES;
				GCC_PREFIX_HEADER = "FMDBStoreGeneratorSample/FMDBStoreGeneratorSample-Prefix.pch";
				GCC_PREPROCESSOR_DEFINITIONS = (
					"DEBUG=1",
					"$(inherited)",
				);
				INFOPLIST_FILE = "FMDBStoreGeneratorSampleTests/FMDBStoreGeneratorSampleTests-Info.plist";
				PRODUCT_NAME = "$(TARGET_NAME)";
				TEST_HOST = "$(BUNDLE_LOADER)";
				WRAPPER_EXTENSION = xctest;
			};
			name = Debug;
		};
		9F62369A1823C8050075DFD2 /* Release */ = {
			isa = XCBuildConfiguration;
			buildSettings = {
				ARCHS = "$(ARCHS_STANDARD_INCLUDING_64_BIT)";
				BUNDLE_LOADER = "$(BUILT_PRODUCTS_DIR)/FMDBStoreGeneratorSample.app/FMDBStoreGeneratorSample";
				FRAMEWORK_SEARCH_PATHS = (
					"$(SDKROOT)/Developer/Library/Frameworks",
					"$(inherited)",
					"$(DEVELOPER_FRAMEWORKS_DIR)",
				);
				GCC_PRECOMPILE_PREFIX_HEADER = YES;
				GCC_PREFIX_HEADER = "FMDBStoreGeneratorSample/FMDBStoreGeneratorSample-Prefix.pch";
				INFOPLIST_FILE = "FMDBStoreGeneratorSampleTests/FMDBStoreGeneratorSampleTests-Info.plist";
				PRODUCT_NAME = "$(TARGET_NAME)";
				TEST_HOST = "$(BUNDLE_LOADER)";
				WRAPPER_EXTENSION = xctest;
			};
			name = Release;
		};
/* End XCBuildConfiguration section */

/* Begin XCConfigurationList section */
		9F62365B1823C8050075DFD2 /* Build configuration list for PBXProject "FMDBStoreGeneratorSample" */ = {
			isa = XCConfigurationList;
			buildConfigurations = (
				9F6236931823C8050075DFD2 /* Debug */,
				9F6236941823C8050075DFD2 /* Release */,
			);
			defaultConfigurationIsVisible = 0;
			defaultConfigurationName = Release;
		};
		9F6236951823C8050075DFD2 /* Build configuration list for PBXNativeTarget "FMDBStoreGeneratorSample" */ = {
			isa = XCConfigurationList;
			buildConfigurations = (
				9F6236961823C8050075DFD2 /* Debug */,
				9F6236971823C8050075DFD2 /* Release */,
			);
			defaultConfigurationIsVisible = 0;
			defaultConfigurationName = Release;
		};
		9F6236981823C8050075DFD2 /* Build configuration list for PBXNativeTarget "FMDBStoreGeneratorSampleTests" */ = {
			isa = XCConfigurationList;
			buildConfigurations = (
				9F6236991823C8050075DFD2 /* Debug */,
				9F62369A1823C8050075DFD2 /* Release */,
			);
			defaultConfigurationIsVisible = 0;
			defaultConfigurationName = Release;
		};
/* End XCConfigurationList section */
	};
	rootObject = 9F6236581823C8050075DFD2 /* Project object */;
}
